
Microsoft Visual Studio Solution File, Format Version 12.00
# Visual Studio Version 16
VisualStudioVersion = 16.0.30717.126
MinimumVisualStudioVersion = 10.0.40219.1
Project("{FAE04EC0-301F-11D3-BF4B-00C04F79EFBC}") = "Allegory.EntityRepository", "Allegory.EntityRepository\Allegory.EntityRepository.csproj", "{B291C6EB-2517-4A5D-85C8-AE44ECFA6C4C}"
EndProject
Project("{FAE04EC0-301F-11D3-BF4B-00C04F79EFBC}") = "Allegory.Entities", "Allegory.Entities\Allegory.Entities.csproj", "{BA911DB3-1270-4324-8BC4-8A7E40751801}"
EndProject
Project("{FAE04EC0-301F-11D3-BF4B-00C04F79EFBC}") = "Allegory.EntityRepository.Tests", "Allegory.EntityRepository.Tests\Allegory.EntityRepository.Tests.csproj", "{1CFC00EA-7E98-4322-84F6-5778E180AF34}"
EndProject
Project("{FAE04EC0-301F-11D3-BF4B-00C04F79EFBC}") = "Allegory.EntityFrameworkRepository", "Allegory.EntityFrameworkRepository\Allegory.EntityFrameworkRepository.csproj", "{3D9F8D65-4F26-4847-8047-CB739AC0E397}"
EndProject
Project("{2150E333-8FDC-42A3-9474-1A3956D46DE8}") = "NetFramework", "NetFramework", "{587244E6-0E0B-42B0-B86C-EC70FFB8C810}"
EndProject
Project("{2150E333-8FDC-42A3-9474-1A3956D46DE8}") = "NetStandart", "NetStandart", "{F3986585-8F14-4BC6-ACBC-BD55B945D513}"
EndProject
Project("{9A19103F-16F7-4668-BE54-9A1E7A4F7556}") = "Allegory.Standart.Entities", "Allegory.Standart.Entities\Allegory.Standart.Entities.csproj", "{3E3C9FD8-0E96-47A6-829F-7D84E80E3A7B}"
EndProject
Project("{2150E333-8FDC-42A3-9474-1A3956D46DE8}") = "NET5", "NET5", "{00384AD5-5AAA-4F8A-A1A4-1594D3E69B58}"
EndProject
Project("{9A19103F-16F7-4668-BE54-9A1E7A4F7556}") = "Allegory.Standart.EntityRepository", "Allegory.Standart.EntityRepository\Allegory.Standart.EntityRepository.csproj", "{11CE9B76-4D0C-4BED-83DF-87048A358256}"
EndProject
Project("{9A19103F-16F7-4668-BE54-9A1E7A4F7556}") = "Allegory.NET.EntityRepository.Tests", "Allegory.NET.EntityRepository.Tests\Allegory.NET.EntityRepository.Tests.csproj", "{CFC6A19E-0981-498C-A79B-F392D0CBCCA9}"
EndProject
Project("{FAE04EC0-301F-11D3-BF4B-00C04F79EFBC}") = "Allegory.NET.EntityFrameworkRepository", "Allegory.NET.EntityFrameworkRepository\Allegory.NET.EntityFrameworkRepository.csproj", "{7BCB12E8-9972-4460-A9C9-69C90994A9AE}"
EndProject
Global
	GlobalSection(SolutionConfigurationPlatforms) = preSolution
		Debug|Any CPU = Debug|Any CPU
		Release|Any CPU = Release|Any CPU
	EndGlobalSection
	GlobalSection(ProjectConfigurationPlatforms) = postSolution
		{B291C6EB-2517-4A5D-85C8-AE44ECFA6C4C}.Debug|Any CPU.ActiveCfg = Debug|Any CPU
		{B291C6EB-2517-4A5D-85C8-AE44ECFA6C4C}.Debug|Any CPU.Build.0 = Debug|Any CPU
		{B291C6EB-2517-4A5D-85C8-AE44ECFA6C4C}.Release|Any CPU.ActiveCfg = Release|Any CPU
		{B291C6EB-2517-4A5D-85C8-AE44ECFA6C4C}.Release|Any CPU.Build.0 = Release|Any CPU
		{BA911DB3-1270-4324-8BC4-8A7E40751801}.Debug|Any CPU.ActiveCfg = Debug|Any CPU
		{BA911DB3-1270-4324-8BC4-8A7E40751801}.Debug|Any CPU.Build.0 = Debug|Any CPU
		{BA911DB3-1270-4324-8BC4-8A7E40751801}.Release|Any CPU.ActiveCfg = Release|Any CPU
		{BA911DB3-1270-4324-8BC4-8A7E40751801}.Release|Any CPU.Build.0 = Release|Any CPU
		{1CFC00EA-7E98-4322-84F6-5778E180AF34}.Debug|Any CPU.ActiveCfg = Debug|Any CPU
		{1CFC00EA-7E98-4322-84F6-5778E180AF34}.Debug|Any CPU.Build.0 = Debug|Any CPU
		{1CFC00EA-7E98-4322-84F6-5778E180AF34}.Release|Any CPU.ActiveCfg = Release|Any CPU
		{1CFC00EA-7E98-4322-84F6-5778E180AF34}.Release|Any CPU.Build.0 = Release|Any CPU
		{3D9F8D65-4F26-4847-8047-CB739AC0E397}.Debug|Any CPU.ActiveCfg = Debug|Any CPU
		{3D9F8D65-4F26-4847-8047-CB739AC0E397}.Debug|Any CPU.Build.0 = Debug|Any CPU
		{3D9F8D65-4F26-4847-8047-CB739AC0E397}.Release|Any CPU.ActiveCfg = Release|Any CPU
		{3D9F8D65-4F26-4847-8047-CB739AC0E397}.Release|Any CPU.Build.0 = Release|Any CPU
		{3E3C9FD8-0E96-47A6-829F-7D84E80E3A7B}.Debug|Any CPU.ActiveCfg = Debug|Any CPU
		{3E3C9FD8-0E96-47A6-829F-7D84E80E3A7B}.Debug|Any CPU.Build.0 = Debug|Any CPU
		{3E3C9FD8-0E96-47A6-829F-7D84E80E3A7B}.Release|Any CPU.ActiveCfg = Release|Any CPU
		{3E3C9FD8-0E96-47A6-829F-7D84E80E3A7B}.Release|Any CPU.Build.0 = Release|Any CPU
		{11CE9B76-4D0C-4BED-83DF-87048A358256}.Debug|Any CPU.ActiveCfg = Debug|Any CPU
		{11CE9B76-4D0C-4BED-83DF-87048A358256}.Debug|Any CPU.Build.0 = Debug|Any CPU
		{11CE9B76-4D0C-4BED-83DF-87048A358256}.Release|Any CPU.ActiveCfg = Release|Any CPU
		{11CE9B76-4D0C-4BED-83DF-87048A358256}.Release|Any CPU.Build.0 = Release|Any CPU
		{CFC6A19E-0981-498C-A79B-F392D0CBCCA9}.Debug|Any CPU.ActiveCfg = Debug|Any CPU
		{CFC6A19E-0981-498C-A79B-F392D0CBCCA9}.Debug|Any CPU.Build.0 = Debug|Any CPU
		{CFC6A19E-0981-498C-A79B-F392D0CBCCA9}.Release|Any CPU.ActiveCfg = Release|Any CPU
		{CFC6A19E-0981-498C-A79B-F392D0CBCCA9}.Release|Any CPU.Build.0 = Release|Any CPU
		{7BCB12E8-9972-4460-A9C9-69C90994A9AE}.Debug|Any CPU.ActiveCfg = Debug|Any CPU
		{7BCB12E8-9972-4460-A9C9-69C90994A9AE}.Debug|Any CPU.Build.0 = Debug|Any CPU
		{7BCB12E8-9972-4460-A9C9-69C90994A9AE}.Release|Any CPU.ActiveCfg = Release|Any CPU
		{7BCB12E8-9972-4460-A9C9-69C90994A9AE}.Release|Any CPU.Build.0 = Release|Any CPU
	EndGlobalSection
	GlobalSection(SolutionProperties) = preSolution
		HideSolutionNode = FALSE
	EndGlobalSection
	GlobalSection(NestedProjects) = preSolution
		{B291C6EB-2517-4A5D-85C8-AE44ECFA6C4C} = {587244E6-0E0B-42B0-B86C-EC70FFB8C810}
		{BA911DB3-1270-4324-8BC4-8A7E40751801} = {587244E6-0E0B-42B0-B86C-EC70FFB8C810}
		{1CFC00EA-7E98-4322-84F6-5778E180AF34} = {587244E6-0E0B-42B0-B86C-EC70FFB8C810}
		{3D9F8D65-4F26-4847-8047-CB739AC0E397} = {587244E6-0E0B-42B0-B86C-EC70FFB8C810}
		{3E3C9FD8-0E96-47A6-829F-7D84E80E3A7B} = {F3986585-8F14-4BC6-ACBC-BD55B945D513}
		{11CE9B76-4D0C-4BED-83DF-87048A358256} = {F3986585-8F14-4BC6-ACBC-BD55B945D513}
		{CFC6A19E-0981-498C-A79B-F392D0CBCCA9} = {00384AD5-5AAA-4F8A-A1A4-1594D3E69B58}
		{7BCB12E8-9972-4460-A9C9-69C90994A9AE} = {00384AD5-5AAA-4F8A-A1A4-1594D3E69B58}
	EndGlobalSection
	GlobalSection(ExtensibilityGlobals) = postSolution
		SolutionGuid = {A05B04A4-CE86-4AF4-BC20-D27A84CAC958}
	EndGlobalSection
EndGlobal
